
Microsoft Visual Studio Solution File, Format Version 12.00
# Visual Studio Version 17
VisualStudioVersion = 17.10.35013.160
MinimumVisualStudioVersion = 10.0.40219.1
Project("{FAE04EC0-301F-11D3-BF4B-00C04F79EFBC}") = "Exercicio1", "Exercicio1\Exercicio1.csproj", "{2CFD68EF-31FD-4131-A404-72C3817AA3B9}"
EndProject
Global
	GlobalSection(SolutionConfigurationPlatforms) = preSolution
		Debug|Any CPU = Debug|Any CPU
		Release|Any CPU = Release|Any CPU
	EndGlobalSection
	GlobalSection(ProjectConfigurationPlatforms) = postSolution
		{2CFD68EF-31FD-4131-A404-72C3817AA3B9}.Debug|Any CPU.ActiveCfg = Debug|Any CPU
		{2CFD68EF-31FD-4131-A404-72C3817AA3B9}.Debug|Any CPU.Build.0 = Debug|Any CPU
		{2CFD68EF-31FD-4131-A404-72C3817AA3B9}.Release|Any CPU.ActiveCfg = Release|Any CPU
		{2CFD68EF-31FD-4131-A404-72C3817AA3B9}.Release|Any CPU.Build.0 = Release|Any CPU
	EndGlobalSection
	GlobalSection(SolutionProperties) = preSolution
		HideSolutionNode = FALSE
	EndGlobalSection
	GlobalSection(ExtensibilityGlobals) = postSolution
		SolutionGuid = {81401D16-0889-4A92-AF6F-952AA00B35E4}
	EndGlobalSection
EndGlobal
